
Microsoft Visual Studio Solution File, Format Version 12.00
# Visual Studio Version 16
VisualStudioVersion = 16.0.31729.503
MinimumVisualStudioVersion = 10.0.40219.1
Project("{FAE04EC0-301F-11D3-BF4B-00C04F79EFBC}") = "Notepadinho", "Notepadinho\Notepadinho.csproj", "{19D70B98-F271-4413-9917-884EFB8B36D1}"
EndProject
Global
	GlobalSection(SolutionConfigurationPlatforms) = preSolution
		Debug|Any CPU = Debug|Any CPU
		Release|Any CPU = Release|Any CPU
	EndGlobalSection
	GlobalSection(ProjectConfigurationPlatforms) = postSolution
		{19D70B98-F271-4413-9917-884EFB8B36D1}.Debug|Any CPU.ActiveCfg = Debug|Any CPU
		{19D70B98-F271-4413-9917-884EFB8B36D1}.Debug|Any CPU.Build.0 = Debug|Any CPU
		{19D70B98-F271-4413-9917-884EFB8B36D1}.Release|Any CPU.ActiveCfg = Release|Any CPU
		{19D70B98-F271-4413-9917-884EFB8B36D1}.Release|Any CPU.Build.0 = Release|Any CPU
	EndGlobalSection
	GlobalSection(SolutionProperties) = preSolution
		HideSolutionNode = FALSE
	EndGlobalSection
	GlobalSection(ExtensibilityGlobals) = postSolution
		SolutionGuid = {440B6E57-D531-4E4D-A8D9-6CD7F94FC8DC}
	EndGlobalSection
EndGlobal
